
Microsoft Visual Studio Solution File, Format Version 12.00
# Visual Studio Version 17
VisualStudioVersion = 17.5.002.0
MinimumVisualStudioVersion = 10.0.40219.1
Project("{9A19103F-16F7-4668-BE54-9A1E7A4F7556}") = "api", "api.csproj", "{3F4FC238-5AC6-4242-9A22-0E8272B05300}"
EndProject
Global
	GlobalSection(SolutionConfigurationPlatforms) = preSolution
		Debug|Any CPU = Debug|Any CPU
		Release|Any CPU = Release|Any CPU
	EndGlobalSection
	GlobalSection(ProjectConfigurationPlatforms) = postSolution
		{3F4FC238-5AC6-4242-9A22-0E8272B05300}.Debug|Any CPU.ActiveCfg = Debug|Any CPU
		{3F4FC238-5AC6-4242-9A22-0E8272B05300}.Debug|Any CPU.Build.0 = Debug|Any CPU
		{3F4FC238-5AC6-4242-9A22-0E8272B05300}.Release|Any CPU.ActiveCfg = Release|Any CPU
		{3F4FC238-5AC6-4242-9A22-0E8272B05300}.Release|Any CPU.Build.0 = Release|Any CPU
	EndGlobalSection
	GlobalSection(SolutionProperties) = preSolution
		HideSolutionNode = FALSE
	EndGlobalSection
	GlobalSection(ExtensibilityGlobals) = postSolution
		SolutionGuid = {73AFCD3E-DF43-43B8-8EEF-A6A4B2C30914}
	EndGlobalSection
EndGlobal
